
Microsoft Visual Studio Solution File, Format Version 12.00
# Visual Studio Version 17
VisualStudioVersion = 17.0.31903.59
MinimumVisualStudioVersion = 10.0.40219.1
Project("{FAE04EC0-301F-11D3-BF4B-00C04F79EFBC}") = "domain", "domain\domain.csproj", "{2B4228FF-7B97-4EA1-83CA-2996475F1A59}"
EndProject
Project("{FAE04EC0-301F-11D3-BF4B-00C04F79EFBC}") = "application", "application\application.csproj", "{2B7FF7C9-BE50-40C2-A28B-A8A5A4FB7F9A}"
EndProject
Project("{2150E333-8FDC-42A3-9474-1A3956D46DE8}") = "infrastructure", "infrastructure", "{062FE900-29D8-42F1-8892-E4BE23640719}"
EndProject
Project("{FAE04EC0-301F-11D3-BF4B-00C04F79EFBC}") = "domain.test", "domain.test\domain.test.csproj", "{E16CC273-D33B-4E5A-ABAF-388B6D5EA7C6}"
EndProject
Project("{FAE04EC0-301F-11D3-BF4B-00C04F79EFBC}") = "repository", "infrastructure\repository\repository.csproj", "{F47BB913-B668-4DA0-BC0F-E3326BF5A3D9}"
EndProject
Project("{FAE04EC0-301F-11D3-BF4B-00C04F79EFBC}") = "api", "infrastructure\api\api.csproj", "{C3D1E80D-78FB-4F38-B4F8-3B3E9B80A722}"
EndProject
Project("{FAE04EC0-301F-11D3-BF4B-00C04F79EFBC}") = "application.test", "application.test\application.test.csproj", "{B9280B44-EB65-4DAD-AB35-3792183C0C8E}"
EndProject
Project("{FAE04EC0-301F-11D3-BF4B-00C04F79EFBC}") = "infrastructure.test", "infrastructure.test\infrastructure.test.csproj", "{D9CD91FB-B82F-4F82-8A87-5FFE57321614}"
EndProject
Global
	GlobalSection(SolutionConfigurationPlatforms) = preSolution
		Debug|Any CPU = Debug|Any CPU
		Release|Any CPU = Release|Any CPU
	EndGlobalSection
	GlobalSection(SolutionProperties) = preSolution
		HideSolutionNode = FALSE
	EndGlobalSection
	GlobalSection(ProjectConfigurationPlatforms) = postSolution
		{2B4228FF-7B97-4EA1-83CA-2996475F1A59}.Debug|Any CPU.ActiveCfg = Debug|Any CPU
		{2B4228FF-7B97-4EA1-83CA-2996475F1A59}.Debug|Any CPU.Build.0 = Debug|Any CPU
		{2B4228FF-7B97-4EA1-83CA-2996475F1A59}.Release|Any CPU.ActiveCfg = Release|Any CPU
		{2B4228FF-7B97-4EA1-83CA-2996475F1A59}.Release|Any CPU.Build.0 = Release|Any CPU
		{2B7FF7C9-BE50-40C2-A28B-A8A5A4FB7F9A}.Debug|Any CPU.ActiveCfg = Debug|Any CPU
		{2B7FF7C9-BE50-40C2-A28B-A8A5A4FB7F9A}.Debug|Any CPU.Build.0 = Debug|Any CPU
		{2B7FF7C9-BE50-40C2-A28B-A8A5A4FB7F9A}.Release|Any CPU.ActiveCfg = Release|Any CPU
		{2B7FF7C9-BE50-40C2-A28B-A8A5A4FB7F9A}.Release|Any CPU.Build.0 = Release|Any CPU
		{E16CC273-D33B-4E5A-ABAF-388B6D5EA7C6}.Debug|Any CPU.ActiveCfg = Debug|Any CPU
		{E16CC273-D33B-4E5A-ABAF-388B6D5EA7C6}.Debug|Any CPU.Build.0 = Debug|Any CPU
		{E16CC273-D33B-4E5A-ABAF-388B6D5EA7C6}.Release|Any CPU.ActiveCfg = Release|Any CPU
		{E16CC273-D33B-4E5A-ABAF-388B6D5EA7C6}.Release|Any CPU.Build.0 = Release|Any CPU
		{F47BB913-B668-4DA0-BC0F-E3326BF5A3D9}.Debug|Any CPU.ActiveCfg = Debug|Any CPU
		{F47BB913-B668-4DA0-BC0F-E3326BF5A3D9}.Debug|Any CPU.Build.0 = Debug|Any CPU
		{F47BB913-B668-4DA0-BC0F-E3326BF5A3D9}.Release|Any CPU.ActiveCfg = Release|Any CPU
		{F47BB913-B668-4DA0-BC0F-E3326BF5A3D9}.Release|Any CPU.Build.0 = Release|Any CPU
		{C3D1E80D-78FB-4F38-B4F8-3B3E9B80A722}.Debug|Any CPU.ActiveCfg = Debug|Any CPU
		{C3D1E80D-78FB-4F38-B4F8-3B3E9B80A722}.Debug|Any CPU.Build.0 = Debug|Any CPU
		{C3D1E80D-78FB-4F38-B4F8-3B3E9B80A722}.Release|Any CPU.ActiveCfg = Release|Any CPU
		{C3D1E80D-78FB-4F38-B4F8-3B3E9B80A722}.Release|Any CPU.Build.0 = Release|Any CPU
		{B9280B44-EB65-4DAD-AB35-3792183C0C8E}.Debug|Any CPU.ActiveCfg = Debug|Any CPU
		{B9280B44-EB65-4DAD-AB35-3792183C0C8E}.Debug|Any CPU.Build.0 = Debug|Any CPU
		{B9280B44-EB65-4DAD-AB35-3792183C0C8E}.Release|Any CPU.ActiveCfg = Release|Any CPU
		{B9280B44-EB65-4DAD-AB35-3792183C0C8E}.Release|Any CPU.Build.0 = Release|Any CPU
		{D9CD91FB-B82F-4F82-8A87-5FFE57321614}.Debug|Any CPU.ActiveCfg = Debug|Any CPU
		{D9CD91FB-B82F-4F82-8A87-5FFE57321614}.Debug|Any CPU.Build.0 = Debug|Any CPU
		{D9CD91FB-B82F-4F82-8A87-5FFE57321614}.Release|Any CPU.ActiveCfg = Release|Any CPU
		{D9CD91FB-B82F-4F82-8A87-5FFE57321614}.Release|Any CPU.Build.0 = Release|Any CPU
	EndGlobalSection
	GlobalSection(NestedProjects) = preSolution
		{F47BB913-B668-4DA0-BC0F-E3326BF5A3D9} = {062FE900-29D8-42F1-8892-E4BE23640719}
		{C3D1E80D-78FB-4F38-B4F8-3B3E9B80A722} = {062FE900-29D8-42F1-8892-E4BE23640719}
	EndGlobalSection
EndGlobal
